// !$*UTF8*$!
{
	archiveVersion = 1;
	classes = {
	};
	objectVersion = 50;
	objects = {

/* Begin PBXBuildFile section */
		124C431AB8AA4C57879D29BA /* Pods_RxSwiftSampleBasic.framework in Frameworks */ = {isa = PBXBuildFile; fileRef = DD334FFB9C0FF9C96FEDDE66 /* Pods_RxSwiftSampleBasic.framework */; };
		4266B13225D747990072561D /* AppDelegate.swift in Sources */ = {isa = PBXBuildFile; fileRef = 4266B13125D747990072561D /* AppDelegate.swift */; };
		4266B13425D747990072561D /* SceneDelegate.swift in Sources */ = {isa = PBXBuildFile; fileRef = 4266B13325D747990072561D /* SceneDelegate.swift */; };
		4266B13625D747990072561D /* ViewController.swift in Sources */ = {isa = PBXBuildFile; fileRef = 4266B13525D747990072561D /* ViewController.swift */; };
		4266B13925D747990072561D /* Main.storyboard in Resources */ = {isa = PBXBuildFile; fileRef = 4266B13725D747990072561D /* Main.storyboard */; };
		4266B13C25D747990072561D /* RxSwiftSampleBasic.xcdatamodeld in Sources */ = {isa = PBXBuildFile; fileRef = 4266B13A25D747990072561D /* RxSwiftSampleBasic.xcdatamodeld */; };
		4266B13E25D7479B0072561D /* Assets.xcassets in Resources */ = {isa = PBXBuildFile; fileRef = 4266B13D25D7479B0072561D /* Assets.xcassets */; };
		4266B14125D7479B0072561D /* LaunchScreen.storyboard in Resources */ = {isa = PBXBuildFile; fileRef = 4266B13F25D7479B0072561D /* LaunchScreen.storyboard */; };
		4266B14D25D749060072561D /* ListViewModel.swift in Sources */ = {isa = PBXBuildFile; fileRef = 4266B14C25D749060072561D /* ListViewModel.swift */; };
/* End PBXBuildFile section */

/* Begin PBXFileReference section */
		4266B12E25D747990072561D /* RxSwiftSampleBasic.app */ = {isa = PBXFileReference; explicitFileType = wrapper.application; includeInIndex = 0; path = RxSwiftSampleBasic.app; sourceTree = BUILT_PRODUCTS_DIR; };
		4266B13125D747990072561D /* AppDelegate.swift */ = {isa = PBXFileReference; lastKnownFileType = sourcecode.swift; path = AppDelegate.swift; sourceTree = "<group>"; };
		4266B13325D747990072561D /* SceneDelegate.swift */ = {isa = PBXFileReference; lastKnownFileType = sourcecode.swift; path = SceneDelegate.swift; sourceTree = "<group>"; };
		4266B13525D747990072561D /* ViewController.swift */ = {isa = PBXFileReference; lastKnownFileType = sourcecode.swift; path = ViewController.swift; sourceTree = "<group>"; };
		4266B13825D747990072561D /* Base */ = {isa = PBXFileReference; lastKnownFileType = file.storyboard; name = Base; path = Base.lproj/Main.storyboard; sourceTree = "<group>"; };
		4266B13B25D747990072561D /* RxSwiftSampleBasic.xcdatamodel */ = {isa = PBXFileReference; lastKnownFileType = wrapper.xcdatamodel; path = RxSwiftSampleBasic.xcdatamodel; sourceTree = "<group>"; };
		4266B13D25D7479B0072561D /* Assets.xcassets */ = {isa = PBXFileReference; lastKnownFileType = folder.assetcatalog; path = Assets.xcassets; sourceTree = "<group>"; };
		4266B14025D7479B0072561D /* Base */ = {isa = PBXFileReference; lastKnownFileType = file.storyboard; name = Base; path = Base.lproj/LaunchScreen.storyboard; sourceTree = "<group>"; };
		4266B14225D7479B0072561D /* Info.plist */ = {isa = PBXFileReference; lastKnownFileType = text.plist.xml; path = Info.plist; sourceTree = "<group>"; };
		4266B14C25D749060072561D /* ListViewModel.swift */ = {isa = PBXFileReference; lastKnownFileType = sourcecode.swift; path = ListViewModel.swift; sourceTree = "<group>"; };
		57143257A6E0F3AA24568349 /* Pods-RxSwiftSampleBasic.release.xcconfig */ = {isa = PBXFileReference; includeInIndex = 1; lastKnownFileType = text.xcconfig; name = "Pods-RxSwiftSampleBasic.release.xcconfig"; path = "Target Support Files/Pods-RxSwiftSampleBasic/Pods-RxSwiftSampleBasic.release.xcconfig"; sourceTree = "<group>"; };
		BEB55F4588FB5B4812112C0B /* Pods-RxSwiftSampleBasic.debug.xcconfig */ = {isa = PBXFileReference; includeInIndex = 1; lastKnownFileType = text.xcconfig; name = "Pods-RxSwiftSampleBasic.debug.xcconfig"; path = "Target Support Files/Pods-RxSwiftSampleBasic/Pods-RxSwiftSampleBasic.debug.xcconfig"; sourceTree = "<group>"; };
		DD334FFB9C0FF9C96FEDDE66 /* Pods_RxSwiftSampleBasic.framework */ = {isa = PBXFileReference; explicitFileType = wrapper.framework; includeInIndex = 0; path = Pods_RxSwiftSampleBasic.framework; sourceTree = BUILT_PRODUCTS_DIR; };
/* End PBXFileReference section */

/* Begin PBXFrameworksBuildPhase section */
		4266B12B25D747990072561D /* Frameworks */ = {
			isa = PBXFrameworksBuildPhase;
			buildActionMask = 2147483647;
			files = (
				124C431AB8AA4C57879D29BA /* Pods_RxSwiftSampleBasic.framework in Frameworks */,
			);
			runOnlyForDeploymentPostprocessing = 0;
		};
/* End PBXFrameworksBuildPhase section */

/* Begin PBXGroup section */
		4266B12525D747990072561D = {
			isa = PBXGroup;
			children = (
				4266B13025D747990072561D /* RxSwiftSampleBasic */,
				4266B12F25D747990072561D /* Products */,
				7033BD82526D49C4B4A2D547 /* Pods */,
				9633F1494F9C7DBCB8FF4CC1 /* Frameworks */,
			);
			sourceTree = "<group>";
		};
		4266B12F25D747990072561D /* Products */ = {
			isa = PBXGroup;
			children = (
				4266B12E25D747990072561D /* RxSwiftSampleBasic.app */,
			);
			name = Products;
			sourceTree = "<group>";
		};
		4266B13025D747990072561D /* RxSwiftSampleBasic */ = {
			isa = PBXGroup;
			children = (
				4266B14925D748DF0072561D /* Screens */,
				4266B13125D747990072561D /* AppDelegate.swift */,
				4266B13325D747990072561D /* SceneDelegate.swift */,
				4266B13525D747990072561D /* ViewController.swift */,
				4266B13725D747990072561D /* Main.storyboard */,
				4266B13D25D7479B0072561D /* Assets.xcassets */,
				4266B13F25D7479B0072561D /* LaunchScreen.storyboard */,
				4266B14225D7479B0072561D /* Info.plist */,
				4266B13A25D747990072561D /* RxSwiftSampleBasic.xcdatamodeld */,
			);
			path = RxSwiftSampleBasic;
			sourceTree = "<group>";
		};
		4266B14925D748DF0072561D /* Screens */ = {
			isa = PBXGroup;
			children = (
				4266B14B25D748EE0072561D /* Detail */,
				4266B14A25D748E80072561D /* List */,
			);
			path = Screens;
			sourceTree = "<group>";
		};
		4266B14A25D748E80072561D /* List */ = {
			isa = PBXGroup;
			children = (
				4266B14C25D749060072561D /* ListViewModel.swift */,
			);
			path = List;
			sourceTree = "<group>";
		};
		4266B14B25D748EE0072561D /* Detail */ = {
			isa = PBXGroup;
			children = (
			);
			path = Detail;
			sourceTree = "<group>";
		};
		7033BD82526D49C4B4A2D547 /* Pods */ = {
			isa = PBXGroup;
			children = (
				BEB55F4588FB5B4812112C0B /* Pods-RxSwiftSampleBasic.debug.xcconfig */,
				57143257A6E0F3AA24568349 /* Pods-RxSwiftSampleBasic.release.xcconfig */,
			);
			name = Pods;
			path = Pods;
			sourceTree = "<group>";
		};
		9633F1494F9C7DBCB8FF4CC1 /* Frameworks */ = {
			isa = PBXGroup;
			children = (
				DD334FFB9C0FF9C96FEDDE66 /* Pods_RxSwiftSampleBasic.framework */,
			);
			name = Frameworks;
			sourceTree = "<group>";
		};
/* End PBXGroup section */

/* Begin PBXNativeTarget section */
		4266B12D25D747990072561D /* RxSwiftSampleBasic */ = {
			isa = PBXNativeTarget;
			buildConfigurationList = 4266B14525D7479B0072561D /* Build configuration list for PBXNativeTarget "RxSwiftSampleBasic" */;
			buildPhases = (
				1360AE1208979474860E366B /* [CP] Check Pods Manifest.lock */,
				4266B12A25D747990072561D /* Sources */,
				4266B12B25D747990072561D /* Frameworks */,
				4266B12C25D747990072561D /* Resources */,
				C405405ED5E10F19D75A68DB /* [CP] Embed Pods Frameworks */,
			);
			buildRules = (
			);
			dependencies = (
			);
			name = RxSwiftSampleBasic;
			productName = RxSwiftSampleBasic;
			productReference = 4266B12E25D747990072561D /* RxSwiftSampleBasic.app */;
			productType = "com.apple.product-type.application";
		};
/* End PBXNativeTarget section */

/* Begin PBXProject section */
		4266B12625D747990072561D /* Project object */ = {
			isa = PBXProject;
			attributes = {
				LastSwiftUpdateCheck = 1220;
				LastUpgradeCheck = 1220;
				TargetAttributes = {
					4266B12D25D747990072561D = {
						CreatedOnToolsVersion = 12.2;
					};
				};
			};
			buildConfigurationList = 4266B12925D747990072561D /* Build configuration list for PBXProject "RxSwiftSampleBasic" */;
			compatibilityVersion = "Xcode 9.3";
			developmentRegion = en;
			hasScannedForEncodings = 0;
			knownRegions = (
				en,
				Base,
			);
			mainGroup = 4266B12525D747990072561D;
			productRefGroup = 4266B12F25D747990072561D /* Products */;
			projectDirPath = "";
			projectRoot = "";
			targets = (
				4266B12D25D747990072561D /* RxSwiftSampleBasic */,
			);
		};
/* End PBXProject section */

/* Begin PBXResourcesBuildPhase section */
		4266B12C25D747990072561D /* Resources */ = {
			isa = PBXResourcesBuildPhase;
			buildActionMask = 2147483647;
			files = (
				4266B14125D7479B0072561D /* LaunchScreen.storyboard in Resources */,
				4266B13E25D7479B0072561D /* Assets.xcassets in Resources */,
				4266B13925D747990072561D /* Main.storyboard in Resources */,
			);
			runOnlyForDeploymentPostprocessing = 0;
		};
/* End PBXResourcesBuildPhase section */

/* Begin PBXShellScriptBuildPhase section */
		1360AE1208979474860E366B /* [CP] Check Pods Manifest.lock */ = {
			isa = PBXShellScriptBuildPhase;
			buildActionMask = 2147483647;
			files = (
			);
			inputFileListPaths = (
			);
			inputPaths = (
				"${PODS_PODFILE_DIR_PATH}/Podfile.lock",
				"${PODS_ROOT}/Manifest.lock",
			);
			name = "[CP] Check Pods Manifest.lock";
			outputFileListPaths = (
			);
			outputPaths = (
				"$(DERIVED_FILE_DIR)/Pods-RxSwiftSampleBasic-checkManifestLockResult.txt",
			);
			runOnlyForDeploymentPostprocessing = 0;
			shellPath = /bin/sh;
			shellScript = "diff \"${PODS_PODFILE_DIR_PATH}/Podfile.lock\" \"${PODS_ROOT}/Manifest.lock\" > /dev/null\nif [ $? != 0 ] ; then\n    # print error to STDERR\n    echo \"error: The sandbox is not in sync with the Podfile.lock. Run 'pod install' or update your CocoaPods installation.\" >&2\n    exit 1\nfi\n# This output is used by Xcode 'outputs' to avoid re-running this script phase.\necho \"SUCCESS\" > \"${SCRIPT_OUTPUT_FILE_0}\"\n";
			showEnvVarsInLog = 0;
		};
		C405405ED5E10F19D75A68DB /* [CP] Embed Pods Frameworks */ = {
			isa = PBXShellScriptBuildPhase;
			buildActionMask = 2147483647;
			files = (
			);
			inputFileListPaths = (
				"${PODS_ROOT}/Target Support Files/Pods-RxSwiftSampleBasic/Pods-RxSwiftSampleBasic-frameworks-${CONFIGURATION}-input-files.xcfilelist",
			);
			name = "[CP] Embed Pods Frameworks";
			outputFileListPaths = (
				"${PODS_ROOT}/Target Support Files/Pods-RxSwiftSampleBasic/Pods-RxSwiftSampleBasic-frameworks-${CONFIGURATION}-output-files.xcfilelist",
			);
			runOnlyForDeploymentPostprocessing = 0;
			shellPath = /bin/sh;
			shellScript = "\"${PODS_ROOT}/Target Support Files/Pods-RxSwiftSampleBasic/Pods-RxSwiftSampleBasic-frameworks.sh\"\n";
			showEnvVarsInLog = 0;
		};
/* End PBXShellScriptBuildPhase section */

/* Begin PBXSourcesBuildPhase section */
		4266B12A25D747990072561D /* Sources */ = {
			isa = PBXSourcesBuildPhase;
			buildActionMask = 2147483647;
			files = (
				4266B14D25D749060072561D /* ListViewModel.swift in Sources */,
				4266B13625D747990072561D /* ViewController.swift in Sources */,
				4266B13225D747990072561D /* AppDelegate.swift in Sources */,
				4266B13C25D747990072561D /* RxSwiftSampleBasic.xcdatamodeld in Sources */,
				4266B13425D747990072561D /* SceneDelegate.swift in Sources */,
			);
			runOnlyForDeploymentPostprocessing = 0;
		};
/* End PBXSourcesBuildPhase section */

/* Begin PBXVariantGroup section */
		4266B13725D747990072561D /* Main.storyboard */ = {
			isa = PBXVariantGroup;
			children = (
				4266B13825D747990072561D /* Base */,
			);
			name = Main.storyboard;
			sourceTree = "<group>";
		};
		4266B13F25D7479B0072561D /* LaunchScreen.storyboard */ = {
			isa = PBXVariantGroup;
			children = (
				4266B14025D7479B0072561D /* Base */,
			);
			name = LaunchScreen.storyboard;
			sourceTree = "<group>";
		};
/* End PBXVariantGroup section */

/* Begin XCBuildConfiguration section */
		4266B14325D7479B0072561D /* Debug */ = {
			isa = XCBuildConfiguration;
			buildSettings = {
				ALWAYS_SEARCH_USER_PATHS = NO;
				CLANG_ANALYZER_NONNULL = YES;
				CLANG_ANALYZER_NUMBER_OBJECT_CONVERSION = YES_AGGRESSIVE;
				CLANG_CXX_LANGUAGE_STANDARD = "gnu++14";
				CLANG_CXX_LIBRARY = "libc++";
				CLANG_ENABLE_MODULES = YES;
				CLANG_ENABLE_OBJC_ARC = YES;
				CLANG_ENABLE_OBJC_WEAK = YES;
				CLANG_WARN_BLOCK_CAPTURE_AUTORELEASING = YES;
				CLANG_WARN_BOOL_CONVERSION = YES;
				CLANG_WARN_COMMA = YES;
				CLANG_WARN_CONSTANT_CONVERSION = YES;
				CLANG_WARN_DEPRECATED_OBJC_IMPLEMENTATIONS = YES;
				CLANG_WARN_DIRECT_OBJC_ISA_USAGE = YES_ERROR;
				CLANG_WARN_DOCUMENTATION_COMMENTS = YES;
				CLANG_WARN_EMPTY_BODY = YES;
				CLANG_WARN_ENUM_CONVERSION = YES;
				CLANG_WARN_INFINITE_RECURSION = YES;
				CLANG_WARN_INT_CONVERSION = YES;
				CLANG_WARN_NON_LITERAL_NULL_CONVERSION = YES;
				CLANG_WARN_OBJC_IMPLICIT_RETAIN_SELF = YES;
				CLANG_WARN_OBJC_LITERAL_CONVERSION = YES;
				CLANG_WARN_OBJC_ROOT_CLASS = YES_ERROR;
				CLANG_WARN_QUOTED_INCLUDE_IN_FRAMEWORK_HEADER = YES;
				CLANG_WARN_RANGE_LOOP_ANALYSIS = YES;
				CLANG_WARN_STRICT_PROTOTYPES = YES;
				CLANG_WARN_SUSPICIOUS_MOVE = YES;
				CLANG_WARN_UNGUARDED_AVAILABILITY = YES_AGGRESSIVE;
				CLANG_WARN_UNREACHABLE_CODE = YES;
				CLANG_WARN__DUPLICATE_METHOD_MATCH = YES;
				COPY_PHASE_STRIP = NO;
				DEBUG_INFORMATION_FORMAT = dwarf;
				ENABLE_STRICT_OBJC_MSGSEND = YES;
				ENABLE_TESTABILITY = YES;
				GCC_C_LANGUAGE_STANDARD = gnu11;
				GCC_DYNAMIC_NO_PIC = NO;
				GCC_NO_COMMON_BLOCKS = YES;
				GCC_OPTIMIZATION_LEVEL = 0;
				GCC_PREPROCESSOR_DEFINITIONS = (
					"DEBUG=1",
					"$(inherited)",
				);
				GCC_WARN_64_TO_32_BIT_CONVERSION = YES;
				GCC_WARN_ABOUT_RETURN_TYPE = YES_ERROR;
				GCC_WARN_UNDECLARED_SELECTOR = YES;
				GCC_WARN_UNINITIALIZED_AUTOS = YES_AGGRESSIVE;
				GCC_WARN_UNUSED_FUNCTION = YES;
				GCC_WARN_UNUSED_VARIABLE = YES;
				IPHONEOS_DEPLOYMENT_TARGET = 14.2;
				MTL_ENABLE_DEBUG_INFO = INCLUDE_SOURCE;
				MTL_FAST_MATH = YES;
				ONLY_ACTIVE_ARCH = YES;
				SDKROOT = iphoneos;
				SWIFT_ACTIVE_COMPILATION_CONDITIONS = DEBUG;
				SWIFT_OPTIMIZATION_LEVEL = "-Onone";
			};
			name = Debug;
		};
		4266B14425D7479B0072561D /* Release */ = {
			isa = XCBuildConfiguration;
			buildSettings = {
				ALWAYS_SEARCH_USER_PATHS = NO;
				CLANG_ANALYZER_NONNULL = YES;
				CLANG_ANALYZER_NUMBER_OBJECT_CONVERSION = YES_AGGRESSIVE;
				CLANG_CXX_LANGUAGE_STANDARD = "gnu++14";
				CLANG_CXX_LIBRARY = "libc++";
				CLANG_ENABLE_MODULES = YES;
				CLANG_ENABLE_OBJC_ARC = YES;
				CLANG_ENABLE_OBJC_WEAK = YES;
				CLANG_WARN_BLOCK_CAPTURE_AUTORELEASING = YES;
				CLANG_WARN_BOOL_CONVERSION = YES;
				CLANG_WARN_COMMA = YES;
				CLANG_WARN_CONSTANT_CONVERSION = YES;
				CLANG_WARN_DEPRECATED_OBJC_IMPLEMENTATIONS = YES;
				CLANG_WARN_DIRECT_OBJC_ISA_USAGE = YES_ERROR;
				CLANG_WARN_DOCUMENTATION_COMMENTS = YES;
				CLANG_WARN_EMPTY_BODY = YES;
				CLANG_WARN_ENUM_CONVERSION = YES;
				CLANG_WARN_INFINITE_RECURSION = YES;
				CLANG_WARN_INT_CONVERSION = YES;
				CLANG_WARN_NON_LITERAL_NULL_CONVERSION = YES;
				CLANG_WARN_OBJC_IMPLICIT_RETAIN_SELF = YES;
				CLANG_WARN_OBJC_LITERAL_CONVERSION = YES;
				CLANG_WARN_OBJC_ROOT_CLASS = YES_ERROR;
				CLANG_WARN_QUOTED_INCLUDE_IN_FRAMEWORK_HEADER = YES;
				CLANG_WARN_RANGE_LOOP_ANALYSIS = YES;
				CLANG_WARN_STRICT_PROTOTYPES = YES;
				CLANG_WARN_SUSPICIOUS_MOVE = YES;
				CLANG_WARN_UNGUARDED_AVAILABILITY = YES_AGGRESSIVE;
				CLANG_WARN_UNREACHABLE_CODE = YES;
				CLANG_WARN__DUPLICATE_METHOD_MATCH = YES;
				COPY_PHASE_STRIP = NO;
				DEBUG_INFORMATION_FORMAT = "dwarf-with-dsym";
				ENABLE_NS_ASSERTIONS = NO;
				ENABLE_STRICT_OBJC_MSGSEND = YES;
				GCC_C_LANGUAGE_STANDARD = gnu11;
				GCC_NO_COMMON_BLOCKS = YES;
				GCC_WARN_64_TO_32_BIT_CONVERSION = YES;
				GCC_WARN_ABOUT_RETURN_TYPE = YES_ERROR;
				GCC_WARN_UNDECLARED_SELECTOR = YES;
				GCC_WARN_UNINITIALIZED_AUTOS = YES_AGGRESSIVE;
				GCC_WARN_UNUSED_FUNCTION = YES;
				GCC_WARN_UNUSED_VARIABLE = YES;
				IPHONEOS_DEPLOYMENT_TARGET = 14.2;
				MTL_ENABLE_DEBUG_INFO = NO;
				MTL_FAST_MATH = YES;
				SDKROOT = iphoneos;
				SWIFT_COMPILATION_MODE = wholemodule;
				SWIFT_OPTIMIZATION_LEVEL = "-O";
				VALIDATE_PRODUCT = YES;
			};
			name = Release;
		};
		4266B14625D7479B0072561D /* Debug */ = {
			isa = XCBuildConfiguration;
			baseConfigurationReference = BEB55F4588FB5B4812112C0B /* Pods-RxSwiftSampleBasic.debug.xcconfig */;
			buildSettings = {
				ASSETCATALOG_COMPILER_APPICON_NAME = AppIcon;
				ASSETCATALOG_COMPILER_GLOBAL_ACCENT_COLOR_NAME = AccentColor;
				CODE_SIGN_STYLE = Automatic;
				DEVELOPMENT_TEAM = DC3QDAQ4SR;
				INFOPLIST_FILE = RxSwiftSampleBasic/Info.plist;
				LD_RUNPATH_SEARCH_PATHS = (
					"$(inherited)",
					"@executable_path/Frameworks",
				);
				PRODUCT_BUNDLE_IDENTIFIER = kr.co.eyesings.RxSwiftSampleBasic;
				PRODUCT_NAME = "$(TARGET_NAME)";
				SWIFT_VERSION = 5.0;
				TARGETED_DEVICE_FAMILY = "1,2";
			};
			name = Debug;
		};
		4266B14725D7479B0072561D /* Release */ = {
			isa = XCBuildConfiguration;
			baseConfigurationReference = 57143257A6E0F3AA24568349 /* Pods-RxSwiftSampleBasic.release.xcconfig */;
			buildSettings = {
				ASSETCATALOG_COMPILER_APPICON_NAME = AppIcon;
				ASSETCATALOG_COMPILER_GLOBAL_ACCENT_COLOR_NAME = AccentColor;
				CODE_SIGN_STYLE = Automatic;
				DEVELOPMENT_TEAM = DC3QDAQ4SR;
				INFOPLIST_FILE = RxSwiftSampleBasic/Info.plist;
				LD_RUNPATH_SEARCH_PATHS = (
					"$(inherited)",
					"@executable_path/Frameworks",
				);
				PRODUCT_BUNDLE_IDENTIFIER = kr.co.eyesings.RxSwiftSampleBasic;
				PRODUCT_NAME = "$(TARGET_NAME)";
				SWIFT_VERSION = 5.0;
				TARGETED_DEVICE_FAMILY = "1,2";
			};
			name = Release;
		};
/* End XCBuildConfiguration section */

/* Begin XCConfigurationList section */
		4266B12925D747990072561D /* Build configuration list for PBXProject "RxSwiftSampleBasic" */ = {
			isa = XCConfigurationList;
			buildConfigurations = (
				4266B14325D7479B0072561D /* Debug */,
				4266B14425D7479B0072561D /* Release */,
			);
			defaultConfigurationIsVisible = 0;
			defaultConfigurationName = Release;
		};
		4266B14525D7479B0072561D /* Build configuration list for PBXNativeTarget "RxSwiftSampleBasic" */ = {
			isa = XCConfigurationList;
			buildConfigurations = (
				4266B14625D7479B0072561D /* Debug */,
				4266B14725D7479B0072561D /* Release */,
			);
			defaultConfigurationIsVisible = 0;
			defaultConfigurationName = Release;
		};
/* End XCConfigurationList section */

/* Begin XCVersionGroup section */
		4266B13A25D747990072561D /* RxSwiftSampleBasic.xcdatamodeld */ = {
			isa = XCVersionGroup;
			children = (
				4266B13B25D747990072561D /* RxSwiftSampleBasic.xcdatamodel */,
			);
			currentVersion = 4266B13B25D747990072561D /* RxSwiftSampleBasic.xcdatamodel */;
			path = RxSwiftSampleBasic.xcdatamodeld;
			sourceTree = "<group>";
			versionGroupType = wrapper.xcdatamodel;
		};
/* End XCVersionGroup section */
	};
	rootObject = 4266B12625D747990072561D /* Project object */;
}
