// !$*UTF8*$!
{
	archiveVersion = 1;
	classes = {
	};
	objectVersion = 50;
	objects = {

/* Begin PBXBuildFile section */
		F38F520E26856FB300E3CA67 /* DetailViewController.swift in Sources */ = {isa = PBXBuildFile; fileRef = F38F520D26856FB300E3CA67 /* DetailViewController.swift */; };
		F38F52102685A37D00E3CA67 /* BountyInfo.swift in Sources */ = {isa = PBXBuildFile; fileRef = F38F520F2685A37D00E3CA67 /* BountyInfo.swift */; };
		F39E2C72268556B300C8A6CB /* AppDelegate.swift in Sources */ = {isa = PBXBuildFile; fileRef = F39E2C71268556B300C8A6CB /* AppDelegate.swift */; };
		F39E2C74268556B300C8A6CB /* SceneDelegate.swift in Sources */ = {isa = PBXBuildFile; fileRef = F39E2C73268556B300C8A6CB /* SceneDelegate.swift */; };
		F39E2C79268556B300C8A6CB /* Main.storyboard in Resources */ = {isa = PBXBuildFile; fileRef = F39E2C77268556B300C8A6CB /* Main.storyboard */; };
		F39E2C7C268556B300C8A6CB /* BountyList.xcdatamodeld in Sources */ = {isa = PBXBuildFile; fileRef = F39E2C7A268556B300C8A6CB /* BountyList.xcdatamodeld */; };
		F39E2C7E268556B400C8A6CB /* Assets.xcassets in Resources */ = {isa = PBXBuildFile; fileRef = F39E2C7D268556B400C8A6CB /* Assets.xcassets */; };
		F39E2C81268556B400C8A6CB /* LaunchScreen.storyboard in Resources */ = {isa = PBXBuildFile; fileRef = F39E2C7F268556B400C8A6CB /* LaunchScreen.storyboard */; };
		F39E2C892685571300C8A6CB /* BountyViewController.swift in Sources */ = {isa = PBXBuildFile; fileRef = F39E2C882685571300C8A6CB /* BountyViewController.swift */; };
/* End PBXBuildFile section */

/* Begin PBXFileReference section */
		F38F520D26856FB300E3CA67 /* DetailViewController.swift */ = {isa = PBXFileReference; lastKnownFileType = sourcecode.swift; path = DetailViewController.swift; sourceTree = "<group>"; };
		F38F520F2685A37D00E3CA67 /* BountyInfo.swift */ = {isa = PBXFileReference; lastKnownFileType = sourcecode.swift; path = BountyInfo.swift; sourceTree = "<group>"; };
		F39E2C6E268556B300C8A6CB /* BountyList.app */ = {isa = PBXFileReference; explicitFileType = wrapper.application; includeInIndex = 0; path = BountyList.app; sourceTree = BUILT_PRODUCTS_DIR; };
		F39E2C71268556B300C8A6CB /* AppDelegate.swift */ = {isa = PBXFileReference; lastKnownFileType = sourcecode.swift; path = AppDelegate.swift; sourceTree = "<group>"; };
		F39E2C73268556B300C8A6CB /* SceneDelegate.swift */ = {isa = PBXFileReference; lastKnownFileType = sourcecode.swift; path = SceneDelegate.swift; sourceTree = "<group>"; };
		F39E2C78268556B300C8A6CB /* Base */ = {isa = PBXFileReference; lastKnownFileType = file.storyboard; name = Base; path = Base.lproj/Main.storyboard; sourceTree = "<group>"; };
		F39E2C7B268556B300C8A6CB /* BountyList.xcdatamodel */ = {isa = PBXFileReference; lastKnownFileType = wrapper.xcdatamodel; path = BountyList.xcdatamodel; sourceTree = "<group>"; };
		F39E2C7D268556B400C8A6CB /* Assets.xcassets */ = {isa = PBXFileReference; lastKnownFileType = folder.assetcatalog; path = Assets.xcassets; sourceTree = "<group>"; };
		F39E2C80268556B400C8A6CB /* Base */ = {isa = PBXFileReference; lastKnownFileType = file.storyboard; name = Base; path = Base.lproj/LaunchScreen.storyboard; sourceTree = "<group>"; };
		F39E2C82268556B400C8A6CB /* Info.plist */ = {isa = PBXFileReference; lastKnownFileType = text.plist.xml; path = Info.plist; sourceTree = "<group>"; };
		F39E2C882685571300C8A6CB /* BountyViewController.swift */ = {isa = PBXFileReference; lastKnownFileType = sourcecode.swift; path = BountyViewController.swift; sourceTree = "<group>"; };
/* End PBXFileReference section */

/* Begin PBXFrameworksBuildPhase section */
		F39E2C6B268556B300C8A6CB /* Frameworks */ = {
			isa = PBXFrameworksBuildPhase;
			buildActionMask = 2147483647;
			files = (
			);
			runOnlyForDeploymentPostprocessing = 0;
		};
/* End PBXFrameworksBuildPhase section */

/* Begin PBXGroup section */
		F39E2C65268556B300C8A6CB = {
			isa = PBXGroup;
			children = (
				F39E2C70268556B300C8A6CB /* BountyList */,
				F39E2C6F268556B300C8A6CB /* Products */,
			);
			sourceTree = "<group>";
		};
		F39E2C6F268556B300C8A6CB /* Products */ = {
			isa = PBXGroup;
			children = (
				F39E2C6E268556B300C8A6CB /* BountyList.app */,
			);
			name = Products;
			sourceTree = "<group>";
		};
		F39E2C70268556B300C8A6CB /* BountyList */ = {
			isa = PBXGroup;
			children = (
				F39E2C71268556B300C8A6CB /* AppDelegate.swift */,
				F39E2C73268556B300C8A6CB /* SceneDelegate.swift */,
				F39E2C77268556B300C8A6CB /* Main.storyboard */,
				F39E2C882685571300C8A6CB /* BountyViewController.swift */,
				F38F520F2685A37D00E3CA67 /* BountyInfo.swift */,
				F38F520D26856FB300E3CA67 /* DetailViewController.swift */,
				F39E2C7D268556B400C8A6CB /* Assets.xcassets */,
				F39E2C7F268556B400C8A6CB /* LaunchScreen.storyboard */,
				F39E2C82268556B400C8A6CB /* Info.plist */,
				F39E2C7A268556B300C8A6CB /* BountyList.xcdatamodeld */,
			);
			path = BountyList;
			sourceTree = "<group>";
		};
/* End PBXGroup section */

/* Begin PBXNativeTarget section */
		F39E2C6D268556B300C8A6CB /* BountyList */ = {
			isa = PBXNativeTarget;
			buildConfigurationList = F39E2C85268556B400C8A6CB /* Build configuration list for PBXNativeTarget "BountyList" */;
			buildPhases = (
				F39E2C6A268556B300C8A6CB /* Sources */,
				F39E2C6B268556B300C8A6CB /* Frameworks */,
				F39E2C6C268556B300C8A6CB /* Resources */,
			);
			buildRules = (
			);
			dependencies = (
			);
			name = BountyList;
			productName = BountyList;
			productReference = F39E2C6E268556B300C8A6CB /* BountyList.app */;
			productType = "com.apple.product-type.application";
		};
/* End PBXNativeTarget section */

/* Begin PBXProject section */
		F39E2C66268556B300C8A6CB /* Project object */ = {
			isa = PBXProject;
			attributes = {
				LastSwiftUpdateCheck = 1250;
				LastUpgradeCheck = 1250;
				TargetAttributes = {
					F39E2C6D268556B300C8A6CB = {
						CreatedOnToolsVersion = 12.5.1;
					};
				};
			};
			buildConfigurationList = F39E2C69268556B300C8A6CB /* Build configuration list for PBXProject "BountyList" */;
			compatibilityVersion = "Xcode 9.3";
			developmentRegion = en;
			hasScannedForEncodings = 0;
			knownRegions = (
				en,
				Base,
			);
			mainGroup = F39E2C65268556B300C8A6CB;
			productRefGroup = F39E2C6F268556B300C8A6CB /* Products */;
			projectDirPath = "";
			projectRoot = "";
			targets = (
				F39E2C6D268556B300C8A6CB /* BountyList */,
			);
		};
/* End PBXProject section */

/* Begin PBXResourcesBuildPhase section */
		F39E2C6C268556B300C8A6CB /* Resources */ = {
			isa = PBXResourcesBuildPhase;
			buildActionMask = 2147483647;
			files = (
				F39E2C81268556B400C8A6CB /* LaunchScreen.storyboard in Resources */,
				F39E2C7E268556B400C8A6CB /* Assets.xcassets in Resources */,
				F39E2C79268556B300C8A6CB /* Main.storyboard in Resources */,
			);
			runOnlyForDeploymentPostprocessing = 0;
		};
/* End PBXResourcesBuildPhase section */

/* Begin PBXSourcesBuildPhase section */
		F39E2C6A268556B300C8A6CB /* Sources */ = {
			isa = PBXSourcesBuildPhase;
			buildActionMask = 2147483647;
			files = (
				F39E2C7C268556B300C8A6CB /* BountyList.xcdatamodeld in Sources */,
				F39E2C892685571300C8A6CB /* BountyViewController.swift in Sources */,
				F38F520E26856FB300E3CA67 /* DetailViewController.swift in Sources */,
				F39E2C72268556B300C8A6CB /* AppDelegate.swift in Sources */,
				F38F52102685A37D00E3CA67 /* BountyInfo.swift in Sources */,
				F39E2C74268556B300C8A6CB /* SceneDelegate.swift in Sources */,
			);
			runOnlyForDeploymentPostprocessing = 0;
		};
/* End PBXSourcesBuildPhase section */

/* Begin PBXVariantGroup section */
		F39E2C77268556B300C8A6CB /* Main.storyboard */ = {
			isa = PBXVariantGroup;
			children = (
				F39E2C78268556B300C8A6CB /* Base */,
			);
			name = Main.storyboard;
			sourceTree = "<group>";
		};
		F39E2C7F268556B400C8A6CB /* LaunchScreen.storyboard */ = {
			isa = PBXVariantGroup;
			children = (
				F39E2C80268556B400C8A6CB /* Base */,
			);
			name = LaunchScreen.storyboard;
			sourceTree = "<group>";
		};
/* End PBXVariantGroup section */

/* Begin XCBuildConfiguration section */
		F39E2C83268556B400C8A6CB /* Debug */ = {
			isa = XCBuildConfiguration;
			buildSettings = {
				ALWAYS_SEARCH_USER_PATHS = NO;
				CLANG_ANALYZER_NONNULL = YES;
				CLANG_ANALYZER_NUMBER_OBJECT_CONVERSION = YES_AGGRESSIVE;
				CLANG_CXX_LANGUAGE_STANDARD = "gnu++14";
				CLANG_CXX_LIBRARY = "libc++";
				CLANG_ENABLE_MODULES = YES;
				CLANG_ENABLE_OBJC_ARC = YES;
				CLANG_ENABLE_OBJC_WEAK = YES;
				CLANG_WARN_BLOCK_CAPTURE_AUTORELEASING = YES;
				CLANG_WARN_BOOL_CONVERSION = YES;
				CLANG_WARN_COMMA = YES;
				CLANG_WARN_CONSTANT_CONVERSION = YES;
				CLANG_WARN_DEPRECATED_OBJC_IMPLEMENTATIONS = YES;
				CLANG_WARN_DIRECT_OBJC_ISA_USAGE = YES_ERROR;
				CLANG_WARN_DOCUMENTATION_COMMENTS = YES;
				CLANG_WARN_EMPTY_BODY = YES;
				CLANG_WARN_ENUM_CONVERSION = YES;
				CLANG_WARN_INFINITE_RECURSION = YES;
				CLANG_WARN_INT_CONVERSION = YES;
				CLANG_WARN_NON_LITERAL_NULL_CONVERSION = YES;
				CLANG_WARN_OBJC_IMPLICIT_RETAIN_SELF = YES;
				CLANG_WARN_OBJC_LITERAL_CONVERSION = YES;
				CLANG_WARN_OBJC_ROOT_CLASS = YES_ERROR;
				CLANG_WARN_QUOTED_INCLUDE_IN_FRAMEWORK_HEADER = YES;
				CLANG_WARN_RANGE_LOOP_ANALYSIS = YES;
				CLANG_WARN_STRICT_PROTOTYPES = YES;
				CLANG_WARN_SUSPICIOUS_MOVE = YES;
				CLANG_WARN_UNGUARDED_AVAILABILITY = YES_AGGRESSIVE;
				CLANG_WARN_UNREACHABLE_CODE = YES;
				CLANG_WARN__DUPLICATE_METHOD_MATCH = YES;
				COPY_PHASE_STRIP = NO;
				DEBUG_INFORMATION_FORMAT = dwarf;
				ENABLE_STRICT_OBJC_MSGSEND = YES;
				ENABLE_TESTABILITY = YES;
				GCC_C_LANGUAGE_STANDARD = gnu11;
				GCC_DYNAMIC_NO_PIC = NO;
				GCC_NO_COMMON_BLOCKS = YES;
				GCC_OPTIMIZATION_LEVEL = 0;
				GCC_PREPROCESSOR_DEFINITIONS = (
					"DEBUG=1",
					"$(inherited)",
				);
				GCC_WARN_64_TO_32_BIT_CONVERSION = YES;
				GCC_WARN_ABOUT_RETURN_TYPE = YES_ERROR;
				GCC_WARN_UNDECLARED_SELECTOR = YES;
				GCC_WARN_UNINITIALIZED_AUTOS = YES_AGGRESSIVE;
				GCC_WARN_UNUSED_FUNCTION = YES;
				GCC_WARN_UNUSED_VARIABLE = YES;
				IPHONEOS_DEPLOYMENT_TARGET = 14.5;
				MTL_ENABLE_DEBUG_INFO = INCLUDE_SOURCE;
				MTL_FAST_MATH = YES;
				ONLY_ACTIVE_ARCH = YES;
				SDKROOT = iphoneos;
				SWIFT_ACTIVE_COMPILATION_CONDITIONS = DEBUG;
				SWIFT_OPTIMIZATION_LEVEL = "-Onone";
			};
			name = Debug;
		};
		F39E2C84268556B400C8A6CB /* Release */ = {
			isa = XCBuildConfiguration;
			buildSettings = {
				ALWAYS_SEARCH_USER_PATHS = NO;
				CLANG_ANALYZER_NONNULL = YES;
				CLANG_ANALYZER_NUMBER_OBJECT_CONVERSION = YES_AGGRESSIVE;
				CLANG_CXX_LANGUAGE_STANDARD = "gnu++14";
				CLANG_CXX_LIBRARY = "libc++";
				CLANG_ENABLE_MODULES = YES;
				CLANG_ENABLE_OBJC_ARC = YES;
				CLANG_ENABLE_OBJC_WEAK = YES;
				CLANG_WARN_BLOCK_CAPTURE_AUTORELEASING = YES;
				CLANG_WARN_BOOL_CONVERSION = YES;
				CLANG_WARN_COMMA = YES;
				CLANG_WARN_CONSTANT_CONVERSION = YES;
				CLANG_WARN_DEPRECATED_OBJC_IMPLEMENTATIONS = YES;
				CLANG_WARN_DIRECT_OBJC_ISA_USAGE = YES_ERROR;
				CLANG_WARN_DOCUMENTATION_COMMENTS = YES;
				CLANG_WARN_EMPTY_BODY = YES;
				CLANG_WARN_ENUM_CONVERSION = YES;
				CLANG_WARN_INFINITE_RECURSION = YES;
				CLANG_WARN_INT_CONVERSION = YES;
				CLANG_WARN_NON_LITERAL_NULL_CONVERSION = YES;
				CLANG_WARN_OBJC_IMPLICIT_RETAIN_SELF = YES;
				CLANG_WARN_OBJC_LITERAL_CONVERSION = YES;
				CLANG_WARN_OBJC_ROOT_CLASS = YES_ERROR;
				CLANG_WARN_QUOTED_INCLUDE_IN_FRAMEWORK_HEADER = YES;
				CLANG_WARN_RANGE_LOOP_ANALYSIS = YES;
				CLANG_WARN_STRICT_PROTOTYPES = YES;
				CLANG_WARN_SUSPICIOUS_MOVE = YES;
				CLANG_WARN_UNGUARDED_AVAILABILITY = YES_AGGRESSIVE;
				CLANG_WARN_UNREACHABLE_CODE = YES;
				CLANG_WARN__DUPLICATE_METHOD_MATCH = YES;
				COPY_PHASE_STRIP = NO;
				DEBUG_INFORMATION_FORMAT = "dwarf-with-dsym";
				ENABLE_NS_ASSERTIONS = NO;
				ENABLE_STRICT_OBJC_MSGSEND = YES;
				GCC_C_LANGUAGE_STANDARD = gnu11;
				GCC_NO_COMMON_BLOCKS = YES;
				GCC_WARN_64_TO_32_BIT_CONVERSION = YES;
				GCC_WARN_ABOUT_RETURN_TYPE = YES_ERROR;
				GCC_WARN_UNDECLARED_SELECTOR = YES;
				GCC_WARN_UNINITIALIZED_AUTOS = YES_AGGRESSIVE;
				GCC_WARN_UNUSED_FUNCTION = YES;
				GCC_WARN_UNUSED_VARIABLE = YES;
				IPHONEOS_DEPLOYMENT_TARGET = 14.5;
				MTL_ENABLE_DEBUG_INFO = NO;
				MTL_FAST_MATH = YES;
				SDKROOT = iphoneos;
				SWIFT_COMPILATION_MODE = wholemodule;
				SWIFT_OPTIMIZATION_LEVEL = "-O";
				VALIDATE_PRODUCT = YES;
			};
			name = Release;
		};
		F39E2C86268556B400C8A6CB /* Debug */ = {
			isa = XCBuildConfiguration;
			buildSettings = {
				ASSETCATALOG_COMPILER_APPICON_NAME = AppIcon;
				ASSETCATALOG_COMPILER_GLOBAL_ACCENT_COLOR_NAME = AccentColor;
				CODE_SIGN_STYLE = Automatic;
				DEVELOPMENT_TEAM = 54XPT973ZK;
				INFOPLIST_FILE = BountyList/Info.plist;
				LD_RUNPATH_SEARCH_PATHS = (
					"$(inherited)",
					"@executable_path/Frameworks",
				);
				PRODUCT_BUNDLE_IDENTIFIER = kr.co.elandretail.BountyList;
				PRODUCT_NAME = "$(TARGET_NAME)";
				SWIFT_VERSION = 5.0;
				TARGETED_DEVICE_FAMILY = "1,2";
			};
			name = Debug;
		};
		F39E2C87268556B400C8A6CB /* Release */ = {
			isa = XCBuildConfiguration;
			buildSettings = {
				ASSETCATALOG_COMPILER_APPICON_NAME = AppIcon;
				ASSETCATALOG_COMPILER_GLOBAL_ACCENT_COLOR_NAME = AccentColor;
				CODE_SIGN_STYLE = Automatic;
				DEVELOPMENT_TEAM = 54XPT973ZK;
				INFOPLIST_FILE = BountyList/Info.plist;
				LD_RUNPATH_SEARCH_PATHS = (
					"$(inherited)",
					"@executable_path/Frameworks",
				);
				PRODUCT_BUNDLE_IDENTIFIER = kr.co.elandretail.BountyList;
				PRODUCT_NAME = "$(TARGET_NAME)";
				SWIFT_VERSION = 5.0;
				TARGETED_DEVICE_FAMILY = "1,2";
			};
			name = Release;
		};
/* End XCBuildConfiguration section */

/* Begin XCConfigurationList section */
		F39E2C69268556B300C8A6CB /* Build configuration list for PBXProject "BountyList" */ = {
			isa = XCConfigurationList;
			buildConfigurations = (
				F39E2C83268556B400C8A6CB /* Debug */,
				F39E2C84268556B400C8A6CB /* Release */,
			);
			defaultConfigurationIsVisible = 0;
			defaultConfigurationName = Release;
		};
		F39E2C85268556B400C8A6CB /* Build configuration list for PBXNativeTarget "BountyList" */ = {
			isa = XCConfigurationList;
			buildConfigurations = (
				F39E2C86268556B400C8A6CB /* Debug */,
				F39E2C87268556B400C8A6CB /* Release */,
			);
			defaultConfigurationIsVisible = 0;
			defaultConfigurationName = Release;
		};
/* End XCConfigurationList section */

/* Begin XCVersionGroup section */
		F39E2C7A268556B300C8A6CB /* BountyList.xcdatamodeld */ = {
			isa = XCVersionGroup;
			children = (
				F39E2C7B268556B300C8A6CB /* BountyList.xcdatamodel */,
			);
			currentVersion = F39E2C7B268556B300C8A6CB /* BountyList.xcdatamodel */;
			path = BountyList.xcdatamodeld;
			sourceTree = "<group>";
			versionGroupType = wrapper.xcdatamodel;
		};
/* End XCVersionGroup section */
	};
	rootObject = F39E2C66268556B300C8A6CB /* Project object */;
}
